
Microsoft Visual Studio Solution File, Format Version 12.00
# Visual Studio Version 17
VisualStudioVersion = 17.14.36429.23 d17.14
MinimumVisualStudioVersion = 10.0.40219.1
Project("{FAE04EC0-301F-11D3-BF4B-00C04F79EFBC}") = "NominaP2", "NominaP2\NominaP2.csproj", "{C99881EE-48E2-4D9E-A6F0-42298C9B0946}"
EndProject
Global
	GlobalSection(SolutionConfigurationPlatforms) = preSolution
		Debug|Any CPU = Debug|Any CPU
		Release|Any CPU = Release|Any CPU
	EndGlobalSection
	GlobalSection(ProjectConfigurationPlatforms) = postSolution
		{C99881EE-48E2-4D9E-A6F0-42298C9B0946}.Debug|Any CPU.ActiveCfg = Debug|Any CPU
		{C99881EE-48E2-4D9E-A6F0-42298C9B0946}.Debug|Any CPU.Build.0 = Debug|Any CPU
		{C99881EE-48E2-4D9E-A6F0-42298C9B0946}.Release|Any CPU.ActiveCfg = Release|Any CPU
		{C99881EE-48E2-4D9E-A6F0-42298C9B0946}.Release|Any CPU.Build.0 = Release|Any CPU
	EndGlobalSection
	GlobalSection(SolutionProperties) = preSolution
		HideSolutionNode = FALSE
	EndGlobalSection
	GlobalSection(ExtensibilityGlobals) = postSolution
		SolutionGuid = {68BCB6E5-D220-44EF-B426-3F17244DD9D9}
	EndGlobalSection
EndGlobal
